// !$*UTF8*$!
{
	archiveVersion = 1;
	classes = {
	};
	objectVersion = 56;
	objects = {

/* Begin PBXBuildFile section */
		07387CB428EFE622003DA489 /* GameLeadersApp.swift in Sources */ = {isa = PBXBuildFile; fileRef = 07387CB328EFE622003DA489 /* GameLeadersApp.swift */; };
		07387CB628EFE622003DA489 /* ContentView.swift in Sources */ = {isa = PBXBuildFile; fileRef = 07387CB528EFE622003DA489 /* ContentView.swift */; };
		07387CB828EFE623003DA489 /* Assets.xcassets in Resources */ = {isa = PBXBuildFile; fileRef = 07387CB728EFE623003DA489 /* Assets.xcassets */; };
		07387CBB28EFE623003DA489 /* Preview Assets.xcassets in Resources */ = {isa = PBXBuildFile; fileRef = 07387CBA28EFE623003DA489 /* Preview Assets.xcassets */; };
		07387CC528EFE623003DA489 /* GameLeadersTests.swift in Sources */ = {isa = PBXBuildFile; fileRef = 07387CC428EFE623003DA489 /* GameLeadersTests.swift */; };
		07387CCF28EFE623003DA489 /* GameLeadersUITests.swift in Sources */ = {isa = PBXBuildFile; fileRef = 07387CCE28EFE623003DA489 /* GameLeadersUITests.swift */; };
		07387CD128EFE623003DA489 /* GameLeadersUITestsLaunchTests.swift in Sources */ = {isa = PBXBuildFile; fileRef = 07387CD028EFE623003DA489 /* GameLeadersUITestsLaunchTests.swift */; };
		07387CE028EFEB2D003DA489 /* PlayerRowView.swift in Sources */ = {isa = PBXBuildFile; fileRef = 07387CDF28EFEB2D003DA489 /* PlayerRowView.swift */; };
/* End PBXBuildFile section */

/* Begin PBXContainerItemProxy section */
		07387CC128EFE623003DA489 /* PBXContainerItemProxy */ = {
			isa = PBXContainerItemProxy;
			containerPortal = 07387CA828EFE622003DA489 /* Project object */;
			proxyType = 1;
			remoteGlobalIDString = 07387CAF28EFE622003DA489;
			remoteInfo = GameLeaders;
		};
		07387CCB28EFE623003DA489 /* PBXContainerItemProxy */ = {
			isa = PBXContainerItemProxy;
			containerPortal = 07387CA828EFE622003DA489 /* Project object */;
			proxyType = 1;
			remoteGlobalIDString = 07387CAF28EFE622003DA489;
			remoteInfo = GameLeaders;
		};
/* End PBXContainerItemProxy section */

/* Begin PBXFileReference section */
		07387CB028EFE622003DA489 /* GameLeaders.app */ = {isa = PBXFileReference; explicitFileType = wrapper.application; includeInIndex = 0; path = GameLeaders.app; sourceTree = BUILT_PRODUCTS_DIR; };
		07387CB328EFE622003DA489 /* GameLeadersApp.swift */ = {isa = PBXFileReference; lastKnownFileType = sourcecode.swift; path = GameLeadersApp.swift; sourceTree = "<group>"; };
		07387CB528EFE622003DA489 /* ContentView.swift */ = {isa = PBXFileReference; lastKnownFileType = sourcecode.swift; path = ContentView.swift; sourceTree = "<group>"; };
		07387CB728EFE623003DA489 /* Assets.xcassets */ = {isa = PBXFileReference; lastKnownFileType = folder.assetcatalog; path = Assets.xcassets; sourceTree = "<group>"; };
		07387CBA28EFE623003DA489 /* Preview Assets.xcassets */ = {isa = PBXFileReference; lastKnownFileType = folder.assetcatalog; path = "Preview Assets.xcassets"; sourceTree = "<group>"; };
		07387CC028EFE623003DA489 /* GameLeadersTests.xctest */ = {isa = PBXFileReference; explicitFileType = wrapper.cfbundle; includeInIndex = 0; path = GameLeadersTests.xctest; sourceTree = BUILT_PRODUCTS_DIR; };
		07387CC428EFE623003DA489 /* GameLeadersTests.swift */ = {isa = PBXFileReference; lastKnownFileType = sourcecode.swift; path = GameLeadersTests.swift; sourceTree = "<group>"; };
		07387CCA28EFE623003DA489 /* GameLeadersUITests.xctest */ = {isa = PBXFileReference; explicitFileType = wrapper.cfbundle; includeInIndex = 0; path = GameLeadersUITests.xctest; sourceTree = BUILT_PRODUCTS_DIR; };
		07387CCE28EFE623003DA489 /* GameLeadersUITests.swift */ = {isa = PBXFileReference; lastKnownFileType = sourcecode.swift; path = GameLeadersUITests.swift; sourceTree = "<group>"; };
		07387CD028EFE623003DA489 /* GameLeadersUITestsLaunchTests.swift */ = {isa = PBXFileReference; lastKnownFileType = sourcecode.swift; path = GameLeadersUITestsLaunchTests.swift; sourceTree = "<group>"; };
		07387CDF28EFEB2D003DA489 /* PlayerRowView.swift */ = {isa = PBXFileReference; lastKnownFileType = sourcecode.swift; path = PlayerRowView.swift; sourceTree = "<group>"; };
/* End PBXFileReference section */

/* Begin PBXFrameworksBuildPhase section */
		07387CAD28EFE622003DA489 /* Frameworks */ = {
			isa = PBXFrameworksBuildPhase;
			buildActionMask = 2147483647;
			files = (
			);
			runOnlyForDeploymentPostprocessing = 0;
		};
		07387CBD28EFE623003DA489 /* Frameworks */ = {
			isa = PBXFrameworksBuildPhase;
			buildActionMask = 2147483647;
			files = (
			);
			runOnlyForDeploymentPostprocessing = 0;
		};
		07387CC728EFE623003DA489 /* Frameworks */ = {
			isa = PBXFrameworksBuildPhase;
			buildActionMask = 2147483647;
			files = (
			);
			runOnlyForDeploymentPostprocessing = 0;
		};
/* End PBXFrameworksBuildPhase section */

/* Begin PBXGroup section */
		07387CA728EFE622003DA489 = {
			isa = PBXGroup;
			children = (
				07387CB228EFE622003DA489 /* GameLeaders */,
				07387CC328EFE623003DA489 /* GameLeadersTests */,
				07387CCD28EFE623003DA489 /* GameLeadersUITests */,
				07387CB128EFE622003DA489 /* Products */,
			);
			sourceTree = "<group>";
		};
		07387CB128EFE622003DA489 /* Products */ = {
			isa = PBXGroup;
			children = (
				07387CB028EFE622003DA489 /* GameLeaders.app */,
				07387CC028EFE623003DA489 /* GameLeadersTests.xctest */,
				07387CCA28EFE623003DA489 /* GameLeadersUITests.xctest */,
			);
			name = Products;
			sourceTree = "<group>";
		};
		07387CB228EFE622003DA489 /* GameLeaders */ = {
			isa = PBXGroup;
			children = (
				07387CDF28EFEB2D003DA489 /* PlayerRowView.swift */,
				07387CB328EFE622003DA489 /* GameLeadersApp.swift */,
				07387CB528EFE622003DA489 /* ContentView.swift */,
				07387CB728EFE623003DA489 /* Assets.xcassets */,
				07387CB928EFE623003DA489 /* Preview Content */,
			);
			path = GameLeaders;
			sourceTree = "<group>";
		};
		07387CB928EFE623003DA489 /* Preview Content */ = {
			isa = PBXGroup;
			children = (
				07387CBA28EFE623003DA489 /* Preview Assets.xcassets */,
			);
			path = "Preview Content";
			sourceTree = "<group>";
		};
		07387CC328EFE623003DA489 /* GameLeadersTests */ = {
			isa = PBXGroup;
			children = (
				07387CC428EFE623003DA489 /* GameLeadersTests.swift */,
			);
			path = GameLeadersTests;
			sourceTree = "<group>";
		};
		07387CCD28EFE623003DA489 /* GameLeadersUITests */ = {
			isa = PBXGroup;
			children = (
				07387CCE28EFE623003DA489 /* GameLeadersUITests.swift */,
				07387CD028EFE623003DA489 /* GameLeadersUITestsLaunchTests.swift */,
			);
			path = GameLeadersUITests;
			sourceTree = "<group>";
		};
/* End PBXGroup section */

/* Begin PBXNativeTarget section */
		07387CAF28EFE622003DA489 /* GameLeaders */ = {
			isa = PBXNativeTarget;
			buildConfigurationList = 07387CD428EFE623003DA489 /* Build configuration list for PBXNativeTarget "GameLeaders" */;
			buildPhases = (
				07387CAC28EFE622003DA489 /* Sources */,
				07387CAD28EFE622003DA489 /* Frameworks */,
				07387CAE28EFE622003DA489 /* Resources */,
			);
			buildRules = (
			);
			dependencies = (
			);
			name = GameLeaders;
			productName = GameLeaders;
			productReference = 07387CB028EFE622003DA489 /* GameLeaders.app */;
			productType = "com.apple.product-type.application";
		};
		07387CBF28EFE623003DA489 /* GameLeadersTests */ = {
			isa = PBXNativeTarget;
			buildConfigurationList = 07387CD728EFE623003DA489 /* Build configuration list for PBXNativeTarget "GameLeadersTests" */;
			buildPhases = (
				07387CBC28EFE623003DA489 /* Sources */,
				07387CBD28EFE623003DA489 /* Frameworks */,
				07387CBE28EFE623003DA489 /* Resources */,
			);
			buildRules = (
			);
			dependencies = (
				07387CC228EFE623003DA489 /* PBXTargetDependency */,
			);
			name = GameLeadersTests;
			productName = GameLeadersTests;
			productReference = 07387CC028EFE623003DA489 /* GameLeadersTests.xctest */;
			productType = "com.apple.product-type.bundle.unit-test";
		};
		07387CC928EFE623003DA489 /* GameLeadersUITests */ = {
			isa = PBXNativeTarget;
			buildConfigurationList = 07387CDA28EFE623003DA489 /* Build configuration list for PBXNativeTarget "GameLeadersUITests" */;
			buildPhases = (
				07387CC628EFE623003DA489 /* Sources */,
				07387CC728EFE623003DA489 /* Frameworks */,
				07387CC828EFE623003DA489 /* Resources */,
			);
			buildRules = (
			);
			dependencies = (
				07387CCC28EFE623003DA489 /* PBXTargetDependency */,
			);
			name = GameLeadersUITests;
			productName = GameLeadersUITests;
			productReference = 07387CCA28EFE623003DA489 /* GameLeadersUITests.xctest */;
			productType = "com.apple.product-type.bundle.ui-testing";
		};
/* End PBXNativeTarget section */

/* Begin PBXProject section */
		07387CA828EFE622003DA489 /* Project object */ = {
			isa = PBXProject;
			attributes = {
				BuildIndependentTargetsInParallel = 1;
				LastSwiftUpdateCheck = 1400;
				LastUpgradeCheck = 1400;
				TargetAttributes = {
					07387CAF28EFE622003DA489 = {
						CreatedOnToolsVersion = 14.0.1;
					};
					07387CBF28EFE623003DA489 = {
						CreatedOnToolsVersion = 14.0.1;
						TestTargetID = 07387CAF28EFE622003DA489;
					};
					07387CC928EFE623003DA489 = {
						CreatedOnToolsVersion = 14.0.1;
						TestTargetID = 07387CAF28EFE622003DA489;
					};
				};
			};
			buildConfigurationList = 07387CAB28EFE622003DA489 /* Build configuration list for PBXProject "GameLeaders" */;
			compatibilityVersion = "Xcode 14.0";
			developmentRegion = en;
			hasScannedForEncodings = 0;
			knownRegions = (
				en,
				Base,
			);
			mainGroup = 07387CA728EFE622003DA489;
			productRefGroup = 07387CB128EFE622003DA489 /* Products */;
			projectDirPath = "";
			projectRoot = "";
			targets = (
				07387CAF28EFE622003DA489 /* GameLeaders */,
				07387CBF28EFE623003DA489 /* GameLeadersTests */,
				07387CC928EFE623003DA489 /* GameLeadersUITests */,
			);
		};
/* End PBXProject section */

/* Begin PBXResourcesBuildPhase section */
		07387CAE28EFE622003DA489 /* Resources */ = {
			isa = PBXResourcesBuildPhase;
			buildActionMask = 2147483647;
			files = (
				07387CBB28EFE623003DA489 /* Preview Assets.xcassets in Resources */,
				07387CB828EFE623003DA489 /* Assets.xcassets in Resources */,
			);
			runOnlyForDeploymentPostprocessing = 0;
		};
		07387CBE28EFE623003DA489 /* Resources */ = {
			isa = PBXResourcesBuildPhase;
			buildActionMask = 2147483647;
			files = (
			);
			runOnlyForDeploymentPostprocessing = 0;
		};
		07387CC828EFE623003DA489 /* Resources */ = {
			isa = PBXResourcesBuildPhase;
			buildActionMask = 2147483647;
			files = (
			);
			runOnlyForDeploymentPostprocessing = 0;
		};
/* End PBXResourcesBuildPhase section */

/* Begin PBXSourcesBuildPhase section */
		07387CAC28EFE622003DA489 /* Sources */ = {
			isa = PBXSourcesBuildPhase;
			buildActionMask = 2147483647;
			files = (
				07387CB628EFE622003DA489 /* ContentView.swift in Sources */,
				07387CB428EFE622003DA489 /* GameLeadersApp.swift in Sources */,
				07387CE028EFEB2D003DA489 /* PlayerRowView.swift in Sources */,
			);
			runOnlyForDeploymentPostprocessing = 0;
		};
		07387CBC28EFE623003DA489 /* Sources */ = {
			isa = PBXSourcesBuildPhase;
			buildActionMask = 2147483647;
			files = (
				07387CC528EFE623003DA489 /* GameLeadersTests.swift in Sources */,
			);
			runOnlyForDeploymentPostprocessing = 0;
		};
		07387CC628EFE623003DA489 /* Sources */ = {
			isa = PBXSourcesBuildPhase;
			buildActionMask = 2147483647;
			files = (
				07387CCF28EFE623003DA489 /* GameLeadersUITests.swift in Sources */,
				07387CD128EFE623003DA489 /* GameLeadersUITestsLaunchTests.swift in Sources */,
			);
			runOnlyForDeploymentPostprocessing = 0;
		};
/* End PBXSourcesBuildPhase section */

/* Begin PBXTargetDependency section */
		07387CC228EFE623003DA489 /* PBXTargetDependency */ = {
			isa = PBXTargetDependency;
			target = 07387CAF28EFE622003DA489 /* GameLeaders */;
			targetProxy = 07387CC128EFE623003DA489 /* PBXContainerItemProxy */;
		};
		07387CCC28EFE623003DA489 /* PBXTargetDependency */ = {
			isa = PBXTargetDependency;
			target = 07387CAF28EFE622003DA489 /* GameLeaders */;
			targetProxy = 07387CCB28EFE623003DA489 /* PBXContainerItemProxy */;
		};
/* End PBXTargetDependency section */

/* Begin XCBuildConfiguration section */
		07387CD228EFE623003DA489 /* Debug */ = {
			isa = XCBuildConfiguration;
			buildSettings = {
				ALWAYS_SEARCH_USER_PATHS = NO;
				CLANG_ANALYZER_NONNULL = YES;
				CLANG_ANALYZER_NUMBER_OBJECT_CONVERSION = YES_AGGRESSIVE;
				CLANG_CXX_LANGUAGE_STANDARD = "gnu++20";
				CLANG_ENABLE_MODULES = YES;
				CLANG_ENABLE_OBJC_ARC = YES;
				CLANG_ENABLE_OBJC_WEAK = YES;
				CLANG_WARN_BLOCK_CAPTURE_AUTORELEASING = YES;
				CLANG_WARN_BOOL_CONVERSION = YES;
				CLANG_WARN_COMMA = YES;
				CLANG_WARN_CONSTANT_CONVERSION = YES;
				CLANG_WARN_DEPRECATED_OBJC_IMPLEMENTATIONS = YES;
				CLANG_WARN_DIRECT_OBJC_ISA_USAGE = YES_ERROR;
				CLANG_WARN_DOCUMENTATION_COMMENTS = YES;
				CLANG_WARN_EMPTY_BODY = YES;
				CLANG_WARN_ENUM_CONVERSION = YES;
				CLANG_WARN_INFINITE_RECURSION = YES;
				CLANG_WARN_INT_CONVERSION = YES;
				CLANG_WARN_NON_LITERAL_NULL_CONVERSION = YES;
				CLANG_WARN_OBJC_IMPLICIT_RETAIN_SELF = YES;
				CLANG_WARN_OBJC_LITERAL_CONVERSION = YES;
				CLANG_WARN_OBJC_ROOT_CLASS = YES_ERROR;
				CLANG_WARN_QUOTED_INCLUDE_IN_FRAMEWORK_HEADER = YES;
				CLANG_WARN_RANGE_LOOP_ANALYSIS = YES;
				CLANG_WARN_STRICT_PROTOTYPES = YES;
				CLANG_WARN_SUSPICIOUS_MOVE = YES;
				CLANG_WARN_UNGUARDED_AVAILABILITY = YES_AGGRESSIVE;
				CLANG_WARN_UNREACHABLE_CODE = YES;
				CLANG_WARN__DUPLICATE_METHOD_MATCH = YES;
				COPY_PHASE_STRIP = NO;
				DEBUG_INFORMATION_FORMAT = dwarf;
				ENABLE_STRICT_OBJC_MSGSEND = YES;
				ENABLE_TESTABILITY = YES;
				GCC_C_LANGUAGE_STANDARD = gnu11;
				GCC_DYNAMIC_NO_PIC = NO;
				GCC_NO_COMMON_BLOCKS = YES;
				GCC_OPTIMIZATION_LEVEL = 0;
				GCC_PREPROCESSOR_DEFINITIONS = (
					"DEBUG=1",
					"$(inherited)",
				);
				GCC_WARN_64_TO_32_BIT_CONVERSION = YES;
				GCC_WARN_ABOUT_RETURN_TYPE = YES_ERROR;
				GCC_WARN_UNDECLARED_SELECTOR = YES;
				GCC_WARN_UNINITIALIZED_AUTOS = YES_AGGRESSIVE;
				GCC_WARN_UNUSED_FUNCTION = YES;
				GCC_WARN_UNUSED_VARIABLE = YES;
				IPHONEOS_DEPLOYMENT_TARGET = 16.0;
				MTL_ENABLE_DEBUG_INFO = INCLUDE_SOURCE;
				MTL_FAST_MATH = YES;
				ONLY_ACTIVE_ARCH = YES;
				SDKROOT = iphoneos;
				SWIFT_ACTIVE_COMPILATION_CONDITIONS = DEBUG;
				SWIFT_OPTIMIZATION_LEVEL = "-Onone";
			};
			name = Debug;
		};
		07387CD328EFE623003DA489 /* Release */ = {
			isa = XCBuildConfiguration;
			buildSettings = {
				ALWAYS_SEARCH_USER_PATHS = NO;
				CLANG_ANALYZER_NONNULL = YES;
				CLANG_ANALYZER_NUMBER_OBJECT_CONVERSION = YES_AGGRESSIVE;
				CLANG_CXX_LANGUAGE_STANDARD = "gnu++20";
				CLANG_ENABLE_MODULES = YES;
				CLANG_ENABLE_OBJC_ARC = YES;
				CLANG_ENABLE_OBJC_WEAK = YES;
				CLANG_WARN_BLOCK_CAPTURE_AUTORELEASING = YES;
				CLANG_WARN_BOOL_CONVERSION = YES;
				CLANG_WARN_COMMA = YES;
				CLANG_WARN_CONSTANT_CONVERSION = YES;
				CLANG_WARN_DEPRECATED_OBJC_IMPLEMENTATIONS = YES;
				CLANG_WARN_DIRECT_OBJC_ISA_USAGE = YES_ERROR;
				CLANG_WARN_DOCUMENTATION_COMMENTS = YES;
				CLANG_WARN_EMPTY_BODY = YES;
				CLANG_WARN_ENUM_CONVERSION = YES;
				CLANG_WARN_INFINITE_RECURSION = YES;
				CLANG_WARN_INT_CONVERSION = YES;
				CLANG_WARN_NON_LITERAL_NULL_CONVERSION = YES;
				CLANG_WARN_OBJC_IMPLICIT_RETAIN_SELF = YES;
				CLANG_WARN_OBJC_LITERAL_CONVERSION = YES;
				CLANG_WARN_OBJC_ROOT_CLASS = YES_ERROR;
				CLANG_WARN_QUOTED_INCLUDE_IN_FRAMEWORK_HEADER = YES;
				CLANG_WARN_RANGE_LOOP_ANALYSIS = YES;
				CLANG_WARN_STRICT_PROTOTYPES = YES;
				CLANG_WARN_SUSPICIOUS_MOVE = YES;
				CLANG_WARN_UNGUARDED_AVAILABILITY = YES_AGGRESSIVE;
				CLANG_WARN_UNREACHABLE_CODE = YES;
				CLANG_WARN__DUPLICATE_METHOD_MATCH = YES;
				COPY_PHASE_STRIP = NO;
				DEBUG_INFORMATION_FORMAT = "dwarf-with-dsym";
				ENABLE_NS_ASSERTIONS = NO;
				ENABLE_STRICT_OBJC_MSGSEND = YES;
				GCC_C_LANGUAGE_STANDARD = gnu11;
				GCC_NO_COMMON_BLOCKS = YES;
				GCC_WARN_64_TO_32_BIT_CONVERSION = YES;
				GCC_WARN_ABOUT_RETURN_TYPE = YES_ERROR;
				GCC_WARN_UNDECLARED_SELECTOR = YES;
				GCC_WARN_UNINITIALIZED_AUTOS = YES_AGGRESSIVE;
				GCC_WARN_UNUSED_FUNCTION = YES;
				GCC_WARN_UNUSED_VARIABLE = YES;
				IPHONEOS_DEPLOYMENT_TARGET = 16.0;
				MTL_ENABLE_DEBUG_INFO = NO;
				MTL_FAST_MATH = YES;
				SDKROOT = iphoneos;
				SWIFT_COMPILATION_MODE = wholemodule;
				SWIFT_OPTIMIZATION_LEVEL = "-O";
				VALIDATE_PRODUCT = YES;
			};
			name = Release;
		};
		07387CD528EFE623003DA489 /* Debug */ = {
			isa = XCBuildConfiguration;
			buildSettings = {
				ASSETCATALOG_COMPILER_APPICON_NAME = AppIcon;
				ASSETCATALOG_COMPILER_GLOBAL_ACCENT_COLOR_NAME = AccentColor;
				CODE_SIGN_STYLE = Automatic;
				CURRENT_PROJECT_VERSION = 1;
				DEVELOPMENT_ASSET_PATHS = "\"GameLeaders/Preview Content\"";
				ENABLE_PREVIEWS = YES;
				GENERATE_INFOPLIST_FILE = YES;
				INFOPLIST_KEY_UIApplicationSceneManifest_Generation = YES;
				INFOPLIST_KEY_UIApplicationSupportsIndirectInputEvents = YES;
				INFOPLIST_KEY_UILaunchScreen_Generation = YES;
				INFOPLIST_KEY_UISupportedInterfaceOrientations_iPad = "UIInterfaceOrientationPortrait UIInterfaceOrientationPortraitUpsideDown UIInterfaceOrientationLandscapeLeft UIInterfaceOrientationLandscapeRight";
				INFOPLIST_KEY_UISupportedInterfaceOrientations_iPhone = "UIInterfaceOrientationPortrait UIInterfaceOrientationLandscapeLeft UIInterfaceOrientationLandscapeRight";
				LD_RUNPATH_SEARCH_PATHS = (
					"$(inherited)",
					"@executable_path/Frameworks",
				);
				MARKETING_VERSION = 1.0;
				PRODUCT_BUNDLE_IDENTIFIER = edu.missouri.GameLeaders;
				PRODUCT_NAME = "$(TARGET_NAME)";
				SWIFT_EMIT_LOC_STRINGS = YES;
				SWIFT_VERSION = 5.0;
				TARGETED_DEVICE_FAMILY = "1,2";
			};
			name = Debug;
		};
		07387CD628EFE623003DA489 /* Release */ = {
			isa = XCBuildConfiguration;
			buildSettings = {
				ASSETCATALOG_COMPILER_APPICON_NAME = AppIcon;
				ASSETCATALOG_COMPILER_GLOBAL_ACCENT_COLOR_NAME = AccentColor;
				CODE_SIGN_STYLE = Automatic;
				CURRENT_PROJECT_VERSION = 1;
				DEVELOPMENT_ASSET_PATHS = "\"GameLeaders/Preview Content\"";
				ENABLE_PREVIEWS = YES;
				GENERATE_INFOPLIST_FILE = YES;
				INFOPLIST_KEY_UIApplicationSceneManifest_Generation = YES;
				INFOPLIST_KEY_UIApplicationSupportsIndirectInputEvents = YES;
				INFOPLIST_KEY_UILaunchScreen_Generation = YES;
				INFOPLIST_KEY_UISupportedInterfaceOrientations_iPad = "UIInterfaceOrientationPortrait UIInterfaceOrientationPortraitUpsideDown UIInterfaceOrientationLandscapeLeft UIInterfaceOrientationLandscapeRight";
				INFOPLIST_KEY_UISupportedInterfaceOrientations_iPhone = "UIInterfaceOrientationPortrait UIInterfaceOrientationLandscapeLeft UIInterfaceOrientationLandscapeRight";
				LD_RUNPATH_SEARCH_PATHS = (
					"$(inherited)",
					"@executable_path/Frameworks",
				);
				MARKETING_VERSION = 1.0;
				PRODUCT_BUNDLE_IDENTIFIER = edu.missouri.GameLeaders;
				PRODUCT_NAME = "$(TARGET_NAME)";
				SWIFT_EMIT_LOC_STRINGS = YES;
				SWIFT_VERSION = 5.0;
				TARGETED_DEVICE_FAMILY = "1,2";
			};
			name = Release;
		};
		07387CD828EFE623003DA489 /* Debug */ = {
			isa = XCBuildConfiguration;
			buildSettings = {
				ALWAYS_EMBED_SWIFT_STANDARD_LIBRARIES = YES;
				BUNDLE_LOADER = "$(TEST_HOST)";
				CODE_SIGN_STYLE = Automatic;
				CURRENT_PROJECT_VERSION = 1;
				GENERATE_INFOPLIST_FILE = YES;
				IPHONEOS_DEPLOYMENT_TARGET = 16.0;
				MARKETING_VERSION = 1.0;
				PRODUCT_BUNDLE_IDENTIFIER = edu.missouri.GameLeadersTests;
				PRODUCT_NAME = "$(TARGET_NAME)";
				SWIFT_EMIT_LOC_STRINGS = NO;
				SWIFT_VERSION = 5.0;
				TARGETED_DEVICE_FAMILY = "1,2";
				TEST_HOST = "$(BUILT_PRODUCTS_DIR)/GameLeaders.app/$(BUNDLE_EXECUTABLE_FOLDER_PATH)/GameLeaders";
			};
			name = Debug;
		};
		07387CD928EFE623003DA489 /* Release */ = {
			isa = XCBuildConfiguration;
			buildSettings = {
				ALWAYS_EMBED_SWIFT_STANDARD_LIBRARIES = YES;
				BUNDLE_LOADER = "$(TEST_HOST)";
				CODE_SIGN_STYLE = Automatic;
				CURRENT_PROJECT_VERSION = 1;
				GENERATE_INFOPLIST_FILE = YES;
				IPHONEOS_DEPLOYMENT_TARGET = 16.0;
				MARKETING_VERSION = 1.0;
				PRODUCT_BUNDLE_IDENTIFIER = edu.missouri.GameLeadersTests;
				PRODUCT_NAME = "$(TARGET_NAME)";
				SWIFT_EMIT_LOC_STRINGS = NO;
				SWIFT_VERSION = 5.0;
				TARGETED_DEVICE_FAMILY = "1,2";
				TEST_HOST = "$(BUILT_PRODUCTS_DIR)/GameLeaders.app/$(BUNDLE_EXECUTABLE_FOLDER_PATH)/GameLeaders";
			};
			name = Release;
		};
		07387CDB28EFE623003DA489 /* Debug */ = {
			isa = XCBuildConfiguration;
			buildSettings = {
				ALWAYS_EMBED_SWIFT_STANDARD_LIBRARIES = YES;
				CODE_SIGN_STYLE = Automatic;
				CURRENT_PROJECT_VERSION = 1;
				GENERATE_INFOPLIST_FILE = YES;
				MARKETING_VERSION = 1.0;
				PRODUCT_BUNDLE_IDENTIFIER = edu.missouri.GameLeadersUITests;
				PRODUCT_NAME = "$(TARGET_NAME)";
				SWIFT_EMIT_LOC_STRINGS = NO;
				SWIFT_VERSION = 5.0;
				TARGETED_DEVICE_FAMILY = "1,2";
				TEST_TARGET_NAME = GameLeaders;
			};
			name = Debug;
		};
		07387CDC28EFE623003DA489 /* Release */ = {
			isa = XCBuildConfiguration;
			buildSettings = {
				ALWAYS_EMBED_SWIFT_STANDARD_LIBRARIES = YES;
				CODE_SIGN_STYLE = Automatic;
				CURRENT_PROJECT_VERSION = 1;
				GENERATE_INFOPLIST_FILE = YES;
				MARKETING_VERSION = 1.0;
				PRODUCT_BUNDLE_IDENTIFIER = edu.missouri.GameLeadersUITests;
				PRODUCT_NAME = "$(TARGET_NAME)";
				SWIFT_EMIT_LOC_STRINGS = NO;
				SWIFT_VERSION = 5.0;
				TARGETED_DEVICE_FAMILY = "1,2";
				TEST_TARGET_NAME = GameLeaders;
			};
			name = Release;
		};
/* End XCBuildConfiguration section */

/* Begin XCConfigurationList section */
		07387CAB28EFE622003DA489 /* Build configuration list for PBXProject "GameLeaders" */ = {
			isa = XCConfigurationList;
			buildConfigurations = (
				07387CD228EFE623003DA489 /* Debug */,
				07387CD328EFE623003DA489 /* Release */,
			);
			defaultConfigurationIsVisible = 0;
			defaultConfigurationName = Release;
		};
		07387CD428EFE623003DA489 /* Build configuration list for PBXNativeTarget "GameLeaders" */ = {
			isa = XCConfigurationList;
			buildConfigurations = (
				07387CD528EFE623003DA489 /* Debug */,
				07387CD628EFE623003DA489 /* Release */,
			);
			defaultConfigurationIsVisible = 0;
			defaultConfigurationName = Release;
		};
		07387CD728EFE623003DA489 /* Build configuration list for PBXNativeTarget "GameLeadersTests" */ = {
			isa = XCConfigurationList;
			buildConfigurations = (
				07387CD828EFE623003DA489 /* Debug */,
				07387CD928EFE623003DA489 /* Release */,
			);
			defaultConfigurationIsVisible = 0;
			defaultConfigurationName = Release;
		};
		07387CDA28EFE623003DA489 /* Build configuration list for PBXNativeTarget "GameLeadersUITests" */ = {
			isa = XCConfigurationList;
			buildConfigurations = (
				07387CDB28EFE623003DA489 /* Debug */,
				07387CDC28EFE623003DA489 /* Release */,
			);
			defaultConfigurationIsVisible = 0;
			defaultConfigurationName = Release;
		};
/* End XCConfigurationList section */
	};
	rootObject = 07387CA828EFE622003DA489 /* Project object */;
}
