// !$*UTF8*$!
{
	archiveVersion = 1;
	classes = {
	};
	objectVersion = 56;
	objects = {

/* Begin PBXBuildFile section */
		078A31112904F0F100DAEED6 /* CapacityItemView.swift in Sources */ = {isa = PBXBuildFile; fileRef = 078A31102904F0F100DAEED6 /* CapacityItemView.swift */; };
		078A31132904F10200DAEED6 /* ChooseYourCapacityView.swift in Sources */ = {isa = PBXBuildFile; fileRef = 078A31122904F10200DAEED6 /* ChooseYourCapacityView.swift */; };
		078A31152904F8BF00DAEED6 /* StartingPriceView.swift in Sources */ = {isa = PBXBuildFile; fileRef = 078A31142904F8BF00DAEED6 /* StartingPriceView.swift */; };
		078E74D528F4FABD00CA1B5D /* AppleIPhoneChooseApp.swift in Sources */ = {isa = PBXBuildFile; fileRef = 078E74D428F4FABD00CA1B5D /* AppleIPhoneChooseApp.swift */; };
		078E74D728F4FABD00CA1B5D /* ContentView.swift in Sources */ = {isa = PBXBuildFile; fileRef = 078E74D628F4FABD00CA1B5D /* ContentView.swift */; };
		078E74D928F4FABF00CA1B5D /* Assets.xcassets in Resources */ = {isa = PBXBuildFile; fileRef = 078E74D828F4FABF00CA1B5D /* Assets.xcassets */; };
		078E74DC28F4FABF00CA1B5D /* Preview Assets.xcassets in Resources */ = {isa = PBXBuildFile; fileRef = 078E74DB28F4FABF00CA1B5D /* Preview Assets.xcassets */; };
		078E74E628F4FABF00CA1B5D /* AppleIPhoneChooseTests.swift in Sources */ = {isa = PBXBuildFile; fileRef = 078E74E528F4FABF00CA1B5D /* AppleIPhoneChooseTests.swift */; };
		078E74F028F4FABF00CA1B5D /* AppleIPhoneChooseUITests.swift in Sources */ = {isa = PBXBuildFile; fileRef = 078E74EF28F4FABF00CA1B5D /* AppleIPhoneChooseUITests.swift */; };
		078E74F228F4FABF00CA1B5D /* AppleIPhoneChooseUITestsLaunchTests.swift in Sources */ = {isa = PBXBuildFile; fileRef = 078E74F128F4FABF00CA1B5D /* AppleIPhoneChooseUITestsLaunchTests.swift */; };
		078E74FF28F4FB1400CA1B5D /* FinishItemView.swift in Sources */ = {isa = PBXBuildFile; fileRef = 078E74FE28F4FB1400CA1B5D /* FinishItemView.swift */; };
		078E750128F4FB4800CA1B5D /* ChooseYourFinishView.swift in Sources */ = {isa = PBXBuildFile; fileRef = 078E750028F4FB4800CA1B5D /* ChooseYourFinishView.swift */; };
/* End PBXBuildFile section */

/* Begin PBXContainerItemProxy section */
		078E74E228F4FABF00CA1B5D /* PBXContainerItemProxy */ = {
			isa = PBXContainerItemProxy;
			containerPortal = 078E74C928F4FABD00CA1B5D /* Project object */;
			proxyType = 1;
			remoteGlobalIDString = 078E74D028F4FABD00CA1B5D;
			remoteInfo = AppleIPhoneChoose;
		};
		078E74EC28F4FABF00CA1B5D /* PBXContainerItemProxy */ = {
			isa = PBXContainerItemProxy;
			containerPortal = 078E74C928F4FABD00CA1B5D /* Project object */;
			proxyType = 1;
			remoteGlobalIDString = 078E74D028F4FABD00CA1B5D;
			remoteInfo = AppleIPhoneChoose;
		};
/* End PBXContainerItemProxy section */

/* Begin PBXFileReference section */
		078A31102904F0F100DAEED6 /* CapacityItemView.swift */ = {isa = PBXFileReference; lastKnownFileType = sourcecode.swift; path = CapacityItemView.swift; sourceTree = "<group>"; };
		078A31122904F10200DAEED6 /* ChooseYourCapacityView.swift */ = {isa = PBXFileReference; lastKnownFileType = sourcecode.swift; path = ChooseYourCapacityView.swift; sourceTree = "<group>"; };
		078A31142904F8BF00DAEED6 /* StartingPriceView.swift */ = {isa = PBXFileReference; lastKnownFileType = sourcecode.swift; path = StartingPriceView.swift; sourceTree = "<group>"; };
		078E74D128F4FABD00CA1B5D /* AppleIPhoneChoose.app */ = {isa = PBXFileReference; explicitFileType = wrapper.application; includeInIndex = 0; path = AppleIPhoneChoose.app; sourceTree = BUILT_PRODUCTS_DIR; };
		078E74D428F4FABD00CA1B5D /* AppleIPhoneChooseApp.swift */ = {isa = PBXFileReference; lastKnownFileType = sourcecode.swift; path = AppleIPhoneChooseApp.swift; sourceTree = "<group>"; };
		078E74D628F4FABD00CA1B5D /* ContentView.swift */ = {isa = PBXFileReference; lastKnownFileType = sourcecode.swift; path = ContentView.swift; sourceTree = "<group>"; };
		078E74D828F4FABF00CA1B5D /* Assets.xcassets */ = {isa = PBXFileReference; lastKnownFileType = folder.assetcatalog; path = Assets.xcassets; sourceTree = "<group>"; };
		078E74DB28F4FABF00CA1B5D /* Preview Assets.xcassets */ = {isa = PBXFileReference; lastKnownFileType = folder.assetcatalog; path = "Preview Assets.xcassets"; sourceTree = "<group>"; };
		078E74E128F4FABF00CA1B5D /* AppleIPhoneChooseTests.xctest */ = {isa = PBXFileReference; explicitFileType = wrapper.cfbundle; includeInIndex = 0; path = AppleIPhoneChooseTests.xctest; sourceTree = BUILT_PRODUCTS_DIR; };
		078E74E528F4FABF00CA1B5D /* AppleIPhoneChooseTests.swift */ = {isa = PBXFileReference; lastKnownFileType = sourcecode.swift; path = AppleIPhoneChooseTests.swift; sourceTree = "<group>"; };
		078E74EB28F4FABF00CA1B5D /* AppleIPhoneChooseUITests.xctest */ = {isa = PBXFileReference; explicitFileType = wrapper.cfbundle; includeInIndex = 0; path = AppleIPhoneChooseUITests.xctest; sourceTree = BUILT_PRODUCTS_DIR; };
		078E74EF28F4FABF00CA1B5D /* AppleIPhoneChooseUITests.swift */ = {isa = PBXFileReference; lastKnownFileType = sourcecode.swift; path = AppleIPhoneChooseUITests.swift; sourceTree = "<group>"; };
		078E74F128F4FABF00CA1B5D /* AppleIPhoneChooseUITestsLaunchTests.swift */ = {isa = PBXFileReference; lastKnownFileType = sourcecode.swift; path = AppleIPhoneChooseUITestsLaunchTests.swift; sourceTree = "<group>"; };
		078E74FE28F4FB1400CA1B5D /* FinishItemView.swift */ = {isa = PBXFileReference; lastKnownFileType = sourcecode.swift; path = FinishItemView.swift; sourceTree = "<group>"; };
		078E750028F4FB4800CA1B5D /* ChooseYourFinishView.swift */ = {isa = PBXFileReference; lastKnownFileType = sourcecode.swift; path = ChooseYourFinishView.swift; sourceTree = "<group>"; };
/* End PBXFileReference section */

/* Begin PBXFrameworksBuildPhase section */
		078E74CE28F4FABD00CA1B5D /* Frameworks */ = {
			isa = PBXFrameworksBuildPhase;
			buildActionMask = 2147483647;
			files = (
			);
			runOnlyForDeploymentPostprocessing = 0;
		};
		078E74DE28F4FABF00CA1B5D /* Frameworks */ = {
			isa = PBXFrameworksBuildPhase;
			buildActionMask = 2147483647;
			files = (
			);
			runOnlyForDeploymentPostprocessing = 0;
		};
		078E74E828F4FABF00CA1B5D /* Frameworks */ = {
			isa = PBXFrameworksBuildPhase;
			buildActionMask = 2147483647;
			files = (
			);
			runOnlyForDeploymentPostprocessing = 0;
		};
/* End PBXFrameworksBuildPhase section */

/* Begin PBXGroup section */
		078E74C828F4FABD00CA1B5D = {
			isa = PBXGroup;
			children = (
				078E74D328F4FABD00CA1B5D /* AppleIPhoneChoose */,
				078E74E428F4FABF00CA1B5D /* AppleIPhoneChooseTests */,
				078E74EE28F4FABF00CA1B5D /* AppleIPhoneChooseUITests */,
				078E74D228F4FABD00CA1B5D /* Products */,
			);
			sourceTree = "<group>";
		};
		078E74D228F4FABD00CA1B5D /* Products */ = {
			isa = PBXGroup;
			children = (
				078E74D128F4FABD00CA1B5D /* AppleIPhoneChoose.app */,
				078E74E128F4FABF00CA1B5D /* AppleIPhoneChooseTests.xctest */,
				078E74EB28F4FABF00CA1B5D /* AppleIPhoneChooseUITests.xctest */,
			);
			name = Products;
			sourceTree = "<group>";
		};
		078E74D328F4FABD00CA1B5D /* AppleIPhoneChoose */ = {
			isa = PBXGroup;
			children = (
				078E74FE28F4FB1400CA1B5D /* FinishItemView.swift */,
				078E750028F4FB4800CA1B5D /* ChooseYourFinishView.swift */,
				078E74D428F4FABD00CA1B5D /* AppleIPhoneChooseApp.swift */,
				078E74D628F4FABD00CA1B5D /* ContentView.swift */,
				078A31102904F0F100DAEED6 /* CapacityItemView.swift */,
				078A31142904F8BF00DAEED6 /* StartingPriceView.swift */,
				078A31122904F10200DAEED6 /* ChooseYourCapacityView.swift */,
				078E74D828F4FABF00CA1B5D /* Assets.xcassets */,
				078E74DA28F4FABF00CA1B5D /* Preview Content */,
			);
			path = AppleIPhoneChoose;
			sourceTree = "<group>";
		};
		078E74DA28F4FABF00CA1B5D /* Preview Content */ = {
			isa = PBXGroup;
			children = (
				078E74DB28F4FABF00CA1B5D /* Preview Assets.xcassets */,
			);
			path = "Preview Content";
			sourceTree = "<group>";
		};
		078E74E428F4FABF00CA1B5D /* AppleIPhoneChooseTests */ = {
			isa = PBXGroup;
			children = (
				078E74E528F4FABF00CA1B5D /* AppleIPhoneChooseTests.swift */,
			);
			path = AppleIPhoneChooseTests;
			sourceTree = "<group>";
		};
		078E74EE28F4FABF00CA1B5D /* AppleIPhoneChooseUITests */ = {
			isa = PBXGroup;
			children = (
				078E74EF28F4FABF00CA1B5D /* AppleIPhoneChooseUITests.swift */,
				078E74F128F4FABF00CA1B5D /* AppleIPhoneChooseUITestsLaunchTests.swift */,
			);
			path = AppleIPhoneChooseUITests;
			sourceTree = "<group>";
		};
/* End PBXGroup section */

/* Begin PBXNativeTarget section */
		078E74D028F4FABD00CA1B5D /* AppleIPhoneChoose */ = {
			isa = PBXNativeTarget;
			buildConfigurationList = 078E74F528F4FABF00CA1B5D /* Build configuration list for PBXNativeTarget "AppleIPhoneChoose" */;
			buildPhases = (
				078E74CD28F4FABD00CA1B5D /* Sources */,
				078E74CE28F4FABD00CA1B5D /* Frameworks */,
				078E74CF28F4FABD00CA1B5D /* Resources */,
			);
			buildRules = (
			);
			dependencies = (
			);
			name = AppleIPhoneChoose;
			productName = AppleIPhoneChoose;
			productReference = 078E74D128F4FABD00CA1B5D /* AppleIPhoneChoose.app */;
			productType = "com.apple.product-type.application";
		};
		078E74E028F4FABF00CA1B5D /* AppleIPhoneChooseTests */ = {
			isa = PBXNativeTarget;
			buildConfigurationList = 078E74F828F4FABF00CA1B5D /* Build configuration list for PBXNativeTarget "AppleIPhoneChooseTests" */;
			buildPhases = (
				078E74DD28F4FABF00CA1B5D /* Sources */,
				078E74DE28F4FABF00CA1B5D /* Frameworks */,
				078E74DF28F4FABF00CA1B5D /* Resources */,
			);
			buildRules = (
			);
			dependencies = (
				078E74E328F4FABF00CA1B5D /* PBXTargetDependency */,
			);
			name = AppleIPhoneChooseTests;
			productName = AppleIPhoneChooseTests;
			productReference = 078E74E128F4FABF00CA1B5D /* AppleIPhoneChooseTests.xctest */;
			productType = "com.apple.product-type.bundle.unit-test";
		};
		078E74EA28F4FABF00CA1B5D /* AppleIPhoneChooseUITests */ = {
			isa = PBXNativeTarget;
			buildConfigurationList = 078E74FB28F4FABF00CA1B5D /* Build configuration list for PBXNativeTarget "AppleIPhoneChooseUITests" */;
			buildPhases = (
				078E74E728F4FABF00CA1B5D /* Sources */,
				078E74E828F4FABF00CA1B5D /* Frameworks */,
				078E74E928F4FABF00CA1B5D /* Resources */,
			);
			buildRules = (
			);
			dependencies = (
				078E74ED28F4FABF00CA1B5D /* PBXTargetDependency */,
			);
			name = AppleIPhoneChooseUITests;
			productName = AppleIPhoneChooseUITests;
			productReference = 078E74EB28F4FABF00CA1B5D /* AppleIPhoneChooseUITests.xctest */;
			productType = "com.apple.product-type.bundle.ui-testing";
		};
/* End PBXNativeTarget section */

/* Begin PBXProject section */
		078E74C928F4FABD00CA1B5D /* Project object */ = {
			isa = PBXProject;
			attributes = {
				BuildIndependentTargetsInParallel = 1;
				LastSwiftUpdateCheck = 1400;
				LastUpgradeCheck = 1400;
				TargetAttributes = {
					078E74D028F4FABD00CA1B5D = {
						CreatedOnToolsVersion = 14.0.1;
					};
					078E74E028F4FABF00CA1B5D = {
						CreatedOnToolsVersion = 14.0.1;
						TestTargetID = 078E74D028F4FABD00CA1B5D;
					};
					078E74EA28F4FABF00CA1B5D = {
						CreatedOnToolsVersion = 14.0.1;
						TestTargetID = 078E74D028F4FABD00CA1B5D;
					};
				};
			};
			buildConfigurationList = 078E74CC28F4FABD00CA1B5D /* Build configuration list for PBXProject "AppleIPhoneChoose" */;
			compatibilityVersion = "Xcode 14.0";
			developmentRegion = en;
			hasScannedForEncodings = 0;
			knownRegions = (
				en,
				Base,
			);
			mainGroup = 078E74C828F4FABD00CA1B5D;
			productRefGroup = 078E74D228F4FABD00CA1B5D /* Products */;
			projectDirPath = "";
			projectRoot = "";
			targets = (
				078E74D028F4FABD00CA1B5D /* AppleIPhoneChoose */,
				078E74E028F4FABF00CA1B5D /* AppleIPhoneChooseTests */,
				078E74EA28F4FABF00CA1B5D /* AppleIPhoneChooseUITests */,
			);
		};
/* End PBXProject section */

/* Begin PBXResourcesBuildPhase section */
		078E74CF28F4FABD00CA1B5D /* Resources */ = {
			isa = PBXResourcesBuildPhase;
			buildActionMask = 2147483647;
			files = (
				078E74DC28F4FABF00CA1B5D /* Preview Assets.xcassets in Resources */,
				078E74D928F4FABF00CA1B5D /* Assets.xcassets in Resources */,
			);
			runOnlyForDeploymentPostprocessing = 0;
		};
		078E74DF28F4FABF00CA1B5D /* Resources */ = {
			isa = PBXResourcesBuildPhase;
			buildActionMask = 2147483647;
			files = (
			);
			runOnlyForDeploymentPostprocessing = 0;
		};
		078E74E928F4FABF00CA1B5D /* Resources */ = {
			isa = PBXResourcesBuildPhase;
			buildActionMask = 2147483647;
			files = (
			);
			runOnlyForDeploymentPostprocessing = 0;
		};
/* End PBXResourcesBuildPhase section */

/* Begin PBXSourcesBuildPhase section */
		078E74CD28F4FABD00CA1B5D /* Sources */ = {
			isa = PBXSourcesBuildPhase;
			buildActionMask = 2147483647;
			files = (
				078A31112904F0F100DAEED6 /* CapacityItemView.swift in Sources */,
				078E74FF28F4FB1400CA1B5D /* FinishItemView.swift in Sources */,
				078A31132904F10200DAEED6 /* ChooseYourCapacityView.swift in Sources */,
				078A31152904F8BF00DAEED6 /* StartingPriceView.swift in Sources */,
				078E750128F4FB4800CA1B5D /* ChooseYourFinishView.swift in Sources */,
				078E74D728F4FABD00CA1B5D /* ContentView.swift in Sources */,
				078E74D528F4FABD00CA1B5D /* AppleIPhoneChooseApp.swift in Sources */,
			);
			runOnlyForDeploymentPostprocessing = 0;
		};
		078E74DD28F4FABF00CA1B5D /* Sources */ = {
			isa = PBXSourcesBuildPhase;
			buildActionMask = 2147483647;
			files = (
				078E74E628F4FABF00CA1B5D /* AppleIPhoneChooseTests.swift in Sources */,
			);
			runOnlyForDeploymentPostprocessing = 0;
		};
		078E74E728F4FABF00CA1B5D /* Sources */ = {
			isa = PBXSourcesBuildPhase;
			buildActionMask = 2147483647;
			files = (
				078E74F028F4FABF00CA1B5D /* AppleIPhoneChooseUITests.swift in Sources */,
				078E74F228F4FABF00CA1B5D /* AppleIPhoneChooseUITestsLaunchTests.swift in Sources */,
			);
			runOnlyForDeploymentPostprocessing = 0;
		};
/* End PBXSourcesBuildPhase section */

/* Begin PBXTargetDependency section */
		078E74E328F4FABF00CA1B5D /* PBXTargetDependency */ = {
			isa = PBXTargetDependency;
			target = 078E74D028F4FABD00CA1B5D /* AppleIPhoneChoose */;
			targetProxy = 078E74E228F4FABF00CA1B5D /* PBXContainerItemProxy */;
		};
		078E74ED28F4FABF00CA1B5D /* PBXTargetDependency */ = {
			isa = PBXTargetDependency;
			target = 078E74D028F4FABD00CA1B5D /* AppleIPhoneChoose */;
			targetProxy = 078E74EC28F4FABF00CA1B5D /* PBXContainerItemProxy */;
		};
/* End PBXTargetDependency section */

/* Begin XCBuildConfiguration section */
		078E74F328F4FABF00CA1B5D /* Debug */ = {
			isa = XCBuildConfiguration;
			buildSettings = {
				ALWAYS_SEARCH_USER_PATHS = NO;
				CLANG_ANALYZER_NONNULL = YES;
				CLANG_ANALYZER_NUMBER_OBJECT_CONVERSION = YES_AGGRESSIVE;
				CLANG_CXX_LANGUAGE_STANDARD = "gnu++20";
				CLANG_ENABLE_MODULES = YES;
				CLANG_ENABLE_OBJC_ARC = YES;
				CLANG_ENABLE_OBJC_WEAK = YES;
				CLANG_WARN_BLOCK_CAPTURE_AUTORELEASING = YES;
				CLANG_WARN_BOOL_CONVERSION = YES;
				CLANG_WARN_COMMA = YES;
				CLANG_WARN_CONSTANT_CONVERSION = YES;
				CLANG_WARN_DEPRECATED_OBJC_IMPLEMENTATIONS = YES;
				CLANG_WARN_DIRECT_OBJC_ISA_USAGE = YES_ERROR;
				CLANG_WARN_DOCUMENTATION_COMMENTS = YES;
				CLANG_WARN_EMPTY_BODY = YES;
				CLANG_WARN_ENUM_CONVERSION = YES;
				CLANG_WARN_INFINITE_RECURSION = YES;
				CLANG_WARN_INT_CONVERSION = YES;
				CLANG_WARN_NON_LITERAL_NULL_CONVERSION = YES;
				CLANG_WARN_OBJC_IMPLICIT_RETAIN_SELF = YES;
				CLANG_WARN_OBJC_LITERAL_CONVERSION = YES;
				CLANG_WARN_OBJC_ROOT_CLASS = YES_ERROR;
				CLANG_WARN_QUOTED_INCLUDE_IN_FRAMEWORK_HEADER = YES;
				CLANG_WARN_RANGE_LOOP_ANALYSIS = YES;
				CLANG_WARN_STRICT_PROTOTYPES = YES;
				CLANG_WARN_SUSPICIOUS_MOVE = YES;
				CLANG_WARN_UNGUARDED_AVAILABILITY = YES_AGGRESSIVE;
				CLANG_WARN_UNREACHABLE_CODE = YES;
				CLANG_WARN__DUPLICATE_METHOD_MATCH = YES;
				COPY_PHASE_STRIP = NO;
				DEBUG_INFORMATION_FORMAT = dwarf;
				ENABLE_STRICT_OBJC_MSGSEND = YES;
				ENABLE_TESTABILITY = YES;
				GCC_C_LANGUAGE_STANDARD = gnu11;
				GCC_DYNAMIC_NO_PIC = NO;
				GCC_NO_COMMON_BLOCKS = YES;
				GCC_OPTIMIZATION_LEVEL = 0;
				GCC_PREPROCESSOR_DEFINITIONS = (
					"DEBUG=1",
					"$(inherited)",
				);
				GCC_WARN_64_TO_32_BIT_CONVERSION = YES;
				GCC_WARN_ABOUT_RETURN_TYPE = YES_ERROR;
				GCC_WARN_UNDECLARED_SELECTOR = YES;
				GCC_WARN_UNINITIALIZED_AUTOS = YES_AGGRESSIVE;
				GCC_WARN_UNUSED_FUNCTION = YES;
				GCC_WARN_UNUSED_VARIABLE = YES;
				IPHONEOS_DEPLOYMENT_TARGET = 16.0;
				MTL_ENABLE_DEBUG_INFO = INCLUDE_SOURCE;
				MTL_FAST_MATH = YES;
				ONLY_ACTIVE_ARCH = YES;
				SDKROOT = iphoneos;
				SWIFT_ACTIVE_COMPILATION_CONDITIONS = DEBUG;
				SWIFT_OPTIMIZATION_LEVEL = "-Onone";
			};
			name = Debug;
		};
		078E74F428F4FABF00CA1B5D /* Release */ = {
			isa = XCBuildConfiguration;
			buildSettings = {
				ALWAYS_SEARCH_USER_PATHS = NO;
				CLANG_ANALYZER_NONNULL = YES;
				CLANG_ANALYZER_NUMBER_OBJECT_CONVERSION = YES_AGGRESSIVE;
				CLANG_CXX_LANGUAGE_STANDARD = "gnu++20";
				CLANG_ENABLE_MODULES = YES;
				CLANG_ENABLE_OBJC_ARC = YES;
				CLANG_ENABLE_OBJC_WEAK = YES;
				CLANG_WARN_BLOCK_CAPTURE_AUTORELEASING = YES;
				CLANG_WARN_BOOL_CONVERSION = YES;
				CLANG_WARN_COMMA = YES;
				CLANG_WARN_CONSTANT_CONVERSION = YES;
				CLANG_WARN_DEPRECATED_OBJC_IMPLEMENTATIONS = YES;
				CLANG_WARN_DIRECT_OBJC_ISA_USAGE = YES_ERROR;
				CLANG_WARN_DOCUMENTATION_COMMENTS = YES;
				CLANG_WARN_EMPTY_BODY = YES;
				CLANG_WARN_ENUM_CONVERSION = YES;
				CLANG_WARN_INFINITE_RECURSION = YES;
				CLANG_WARN_INT_CONVERSION = YES;
				CLANG_WARN_NON_LITERAL_NULL_CONVERSION = YES;
				CLANG_WARN_OBJC_IMPLICIT_RETAIN_SELF = YES;
				CLANG_WARN_OBJC_LITERAL_CONVERSION = YES;
				CLANG_WARN_OBJC_ROOT_CLASS = YES_ERROR;
				CLANG_WARN_QUOTED_INCLUDE_IN_FRAMEWORK_HEADER = YES;
				CLANG_WARN_RANGE_LOOP_ANALYSIS = YES;
				CLANG_WARN_STRICT_PROTOTYPES = YES;
				CLANG_WARN_SUSPICIOUS_MOVE = YES;
				CLANG_WARN_UNGUARDED_AVAILABILITY = YES_AGGRESSIVE;
				CLANG_WARN_UNREACHABLE_CODE = YES;
				CLANG_WARN__DUPLICATE_METHOD_MATCH = YES;
				COPY_PHASE_STRIP = NO;
				DEBUG_INFORMATION_FORMAT = "dwarf-with-dsym";
				ENABLE_NS_ASSERTIONS = NO;
				ENABLE_STRICT_OBJC_MSGSEND = YES;
				GCC_C_LANGUAGE_STANDARD = gnu11;
				GCC_NO_COMMON_BLOCKS = YES;
				GCC_WARN_64_TO_32_BIT_CONVERSION = YES;
				GCC_WARN_ABOUT_RETURN_TYPE = YES_ERROR;
				GCC_WARN_UNDECLARED_SELECTOR = YES;
				GCC_WARN_UNINITIALIZED_AUTOS = YES_AGGRESSIVE;
				GCC_WARN_UNUSED_FUNCTION = YES;
				GCC_WARN_UNUSED_VARIABLE = YES;
				IPHONEOS_DEPLOYMENT_TARGET = 16.0;
				MTL_ENABLE_DEBUG_INFO = NO;
				MTL_FAST_MATH = YES;
				SDKROOT = iphoneos;
				SWIFT_COMPILATION_MODE = wholemodule;
				SWIFT_OPTIMIZATION_LEVEL = "-O";
				VALIDATE_PRODUCT = YES;
			};
			name = Release;
		};
		078E74F628F4FABF00CA1B5D /* Debug */ = {
			isa = XCBuildConfiguration;
			buildSettings = {
				ASSETCATALOG_COMPILER_APPICON_NAME = AppIcon;
				ASSETCATALOG_COMPILER_GLOBAL_ACCENT_COLOR_NAME = AccentColor;
				CODE_SIGN_STYLE = Automatic;
				CURRENT_PROJECT_VERSION = 1;
				DEVELOPMENT_ASSET_PATHS = "\"AppleIPhoneChoose/Preview Content\"";
				ENABLE_PREVIEWS = YES;
				GENERATE_INFOPLIST_FILE = YES;
				INFOPLIST_KEY_UIApplicationSceneManifest_Generation = YES;
				INFOPLIST_KEY_UIApplicationSupportsIndirectInputEvents = YES;
				INFOPLIST_KEY_UILaunchScreen_Generation = YES;
				INFOPLIST_KEY_UISupportedInterfaceOrientations_iPad = "UIInterfaceOrientationPortrait UIInterfaceOrientationPortraitUpsideDown UIInterfaceOrientationLandscapeLeft UIInterfaceOrientationLandscapeRight";
				INFOPLIST_KEY_UISupportedInterfaceOrientations_iPhone = "UIInterfaceOrientationPortrait UIInterfaceOrientationLandscapeLeft UIInterfaceOrientationLandscapeRight";
				LD_RUNPATH_SEARCH_PATHS = (
					"$(inherited)",
					"@executable_path/Frameworks",
				);
				MARKETING_VERSION = 1.0;
				PRODUCT_BUNDLE_IDENTIFIER = edu.missouri.AppleIPhoneChoose;
				PRODUCT_NAME = "$(TARGET_NAME)";
				SWIFT_EMIT_LOC_STRINGS = YES;
				SWIFT_VERSION = 5.0;
				TARGETED_DEVICE_FAMILY = "1,2";
			};
			name = Debug;
		};
		078E74F728F4FABF00CA1B5D /* Release */ = {
			isa = XCBuildConfiguration;
			buildSettings = {
				ASSETCATALOG_COMPILER_APPICON_NAME = AppIcon;
				ASSETCATALOG_COMPILER_GLOBAL_ACCENT_COLOR_NAME = AccentColor;
				CODE_SIGN_STYLE = Automatic;
				CURRENT_PROJECT_VERSION = 1;
				DEVELOPMENT_ASSET_PATHS = "\"AppleIPhoneChoose/Preview Content\"";
				ENABLE_PREVIEWS = YES;
				GENERATE_INFOPLIST_FILE = YES;
				INFOPLIST_KEY_UIApplicationSceneManifest_Generation = YES;
				INFOPLIST_KEY_UIApplicationSupportsIndirectInputEvents = YES;
				INFOPLIST_KEY_UILaunchScreen_Generation = YES;
				INFOPLIST_KEY_UISupportedInterfaceOrientations_iPad = "UIInterfaceOrientationPortrait UIInterfaceOrientationPortraitUpsideDown UIInterfaceOrientationLandscapeLeft UIInterfaceOrientationLandscapeRight";
				INFOPLIST_KEY_UISupportedInterfaceOrientations_iPhone = "UIInterfaceOrientationPortrait UIInterfaceOrientationLandscapeLeft UIInterfaceOrientationLandscapeRight";
				LD_RUNPATH_SEARCH_PATHS = (
					"$(inherited)",
					"@executable_path/Frameworks",
				);
				MARKETING_VERSION = 1.0;
				PRODUCT_BUNDLE_IDENTIFIER = edu.missouri.AppleIPhoneChoose;
				PRODUCT_NAME = "$(TARGET_NAME)";
				SWIFT_EMIT_LOC_STRINGS = YES;
				SWIFT_VERSION = 5.0;
				TARGETED_DEVICE_FAMILY = "1,2";
			};
			name = Release;
		};
		078E74F928F4FABF00CA1B5D /* Debug */ = {
			isa = XCBuildConfiguration;
			buildSettings = {
				ALWAYS_EMBED_SWIFT_STANDARD_LIBRARIES = YES;
				BUNDLE_LOADER = "$(TEST_HOST)";
				CODE_SIGN_STYLE = Automatic;
				CURRENT_PROJECT_VERSION = 1;
				GENERATE_INFOPLIST_FILE = YES;
				IPHONEOS_DEPLOYMENT_TARGET = 16.0;
				MARKETING_VERSION = 1.0;
				PRODUCT_BUNDLE_IDENTIFIER = edu.missouri.AppleIPhoneChooseTests;
				PRODUCT_NAME = "$(TARGET_NAME)";
				SWIFT_EMIT_LOC_STRINGS = NO;
				SWIFT_VERSION = 5.0;
				TARGETED_DEVICE_FAMILY = "1,2";
				TEST_HOST = "$(BUILT_PRODUCTS_DIR)/AppleIPhoneChoose.app/$(BUNDLE_EXECUTABLE_FOLDER_PATH)/AppleIPhoneChoose";
			};
			name = Debug;
		};
		078E74FA28F4FABF00CA1B5D /* Release */ = {
			isa = XCBuildConfiguration;
			buildSettings = {
				ALWAYS_EMBED_SWIFT_STANDARD_LIBRARIES = YES;
				BUNDLE_LOADER = "$(TEST_HOST)";
				CODE_SIGN_STYLE = Automatic;
				CURRENT_PROJECT_VERSION = 1;
				GENERATE_INFOPLIST_FILE = YES;
				IPHONEOS_DEPLOYMENT_TARGET = 16.0;
				MARKETING_VERSION = 1.0;
				PRODUCT_BUNDLE_IDENTIFIER = edu.missouri.AppleIPhoneChooseTests;
				PRODUCT_NAME = "$(TARGET_NAME)";
				SWIFT_EMIT_LOC_STRINGS = NO;
				SWIFT_VERSION = 5.0;
				TARGETED_DEVICE_FAMILY = "1,2";
				TEST_HOST = "$(BUILT_PRODUCTS_DIR)/AppleIPhoneChoose.app/$(BUNDLE_EXECUTABLE_FOLDER_PATH)/AppleIPhoneChoose";
			};
			name = Release;
		};
		078E74FC28F4FABF00CA1B5D /* Debug */ = {
			isa = XCBuildConfiguration;
			buildSettings = {
				ALWAYS_EMBED_SWIFT_STANDARD_LIBRARIES = YES;
				CODE_SIGN_STYLE = Automatic;
				CURRENT_PROJECT_VERSION = 1;
				GENERATE_INFOPLIST_FILE = YES;
				MARKETING_VERSION = 1.0;
				PRODUCT_BUNDLE_IDENTIFIER = edu.missouri.AppleIPhoneChooseUITests;
				PRODUCT_NAME = "$(TARGET_NAME)";
				SWIFT_EMIT_LOC_STRINGS = NO;
				SWIFT_VERSION = 5.0;
				TARGETED_DEVICE_FAMILY = "1,2";
				TEST_TARGET_NAME = AppleIPhoneChoose;
			};
			name = Debug;
		};
		078E74FD28F4FABF00CA1B5D /* Release */ = {
			isa = XCBuildConfiguration;
			buildSettings = {
				ALWAYS_EMBED_SWIFT_STANDARD_LIBRARIES = YES;
				CODE_SIGN_STYLE = Automatic;
				CURRENT_PROJECT_VERSION = 1;
				GENERATE_INFOPLIST_FILE = YES;
				MARKETING_VERSION = 1.0;
				PRODUCT_BUNDLE_IDENTIFIER = edu.missouri.AppleIPhoneChooseUITests;
				PRODUCT_NAME = "$(TARGET_NAME)";
				SWIFT_EMIT_LOC_STRINGS = NO;
				SWIFT_VERSION = 5.0;
				TARGETED_DEVICE_FAMILY = "1,2";
				TEST_TARGET_NAME = AppleIPhoneChoose;
			};
			name = Release;
		};
/* End XCBuildConfiguration section */

/* Begin XCConfigurationList section */
		078E74CC28F4FABD00CA1B5D /* Build configuration list for PBXProject "AppleIPhoneChoose" */ = {
			isa = XCConfigurationList;
			buildConfigurations = (
				078E74F328F4FABF00CA1B5D /* Debug */,
				078E74F428F4FABF00CA1B5D /* Release */,
			);
			defaultConfigurationIsVisible = 0;
			defaultConfigurationName = Release;
		};
		078E74F528F4FABF00CA1B5D /* Build configuration list for PBXNativeTarget "AppleIPhoneChoose" */ = {
			isa = XCConfigurationList;
			buildConfigurations = (
				078E74F628F4FABF00CA1B5D /* Debug */,
				078E74F728F4FABF00CA1B5D /* Release */,
			);
			defaultConfigurationIsVisible = 0;
			defaultConfigurationName = Release;
		};
		078E74F828F4FABF00CA1B5D /* Build configuration list for PBXNativeTarget "AppleIPhoneChooseTests" */ = {
			isa = XCConfigurationList;
			buildConfigurations = (
				078E74F928F4FABF00CA1B5D /* Debug */,
				078E74FA28F4FABF00CA1B5D /* Release */,
			);
			defaultConfigurationIsVisible = 0;
			defaultConfigurationName = Release;
		};
		078E74FB28F4FABF00CA1B5D /* Build configuration list for PBXNativeTarget "AppleIPhoneChooseUITests" */ = {
			isa = XCConfigurationList;
			buildConfigurations = (
				078E74FC28F4FABF00CA1B5D /* Debug */,
				078E74FD28F4FABF00CA1B5D /* Release */,
			);
			defaultConfigurationIsVisible = 0;
			defaultConfigurationName = Release;
		};
/* End XCConfigurationList section */
	};
	rootObject = 078E74C928F4FABD00CA1B5D /* Project object */;
}
